
Microsoft Visual Studio Solution File, Format Version 12.00
# Visual Studio Version 17
VisualStudioVersion = 17.0.31903.59
MinimumVisualStudioVersion = 10.0.40219.1
Project("{2150E333-8FDC-42A3-9474-1A3956D46DE8}") = "src", "src", "{827E0CD3-B72D-47B6-A68D-7590B98EB39B}"
EndProject
Project("{FAE04EC0-301F-11D3-BF4B-00C04F79EFBC}") = "SyncService.Core", "src\SyncService.Core\SyncService.Core.csproj", "{2D556CF1-17E6-4B4E-8038-38187FD2B499}"
EndProject
Project("{FAE04EC0-301F-11D3-BF4B-00C04F79EFBC}") = "SyncService.Infrastructure", "src\SyncService.Infrastructure\SyncService.Infrastructure.csproj", "{8979BA43-57E3-4D98-A32C-E61E13045DC7}"
EndProject
Project("{FAE04EC0-301F-11D3-BF4B-00C04F79EFBC}") = "SyncService.Api", "src\SyncService.Api\SyncService.Api.csproj", "{213494B7-945D-40E2-A68E-F53AC7EDF9E6}"
EndProject
Project("{2150E333-8FDC-42A3-9474-1A3956D46DE8}") = "tests", "tests", "{0AB3BF05-4346-4AA6-1389-037BE0695223}"
EndProject
Project("{FAE04EC0-301F-11D3-BF4B-00C04F79EFBC}") = "SyncService.Core.Tests", "tests\SyncService.Core.Tests\SyncService.Core.Tests.csproj", "{225EE49E-B72A-41C0-AEF1-7B6DF798E34F}"
EndProject
Global
	GlobalSection(SolutionConfigurationPlatforms) = preSolution
		Debug|Any CPU = Debug|Any CPU
		Debug|x64 = Debug|x64
		Debug|x86 = Debug|x86
		Release|Any CPU = Release|Any CPU
		Release|x64 = Release|x64
		Release|x86 = Release|x86
	EndGlobalSection
	GlobalSection(ProjectConfigurationPlatforms) = postSolution
		{2D556CF1-17E6-4B4E-8038-38187FD2B499}.Debug|Any CPU.ActiveCfg = Debug|Any CPU
		{2D556CF1-17E6-4B4E-8038-38187FD2B499}.Debug|Any CPU.Build.0 = Debug|Any CPU
		{2D556CF1-17E6-4B4E-8038-38187FD2B499}.Debug|x64.ActiveCfg = Debug|Any CPU
		{2D556CF1-17E6-4B4E-8038-38187FD2B499}.Debug|x64.Build.0 = Debug|Any CPU
		{2D556CF1-17E6-4B4E-8038-38187FD2B499}.Debug|x86.ActiveCfg = Debug|Any CPU
		{2D556CF1-17E6-4B4E-8038-38187FD2B499}.Debug|x86.Build.0 = Debug|Any CPU
		{2D556CF1-17E6-4B4E-8038-38187FD2B499}.Release|Any CPU.ActiveCfg = Release|Any CPU
		{2D556CF1-17E6-4B4E-8038-38187FD2B499}.Release|Any CPU.Build.0 = Release|Any CPU
		{2D556CF1-17E6-4B4E-8038-38187FD2B499}.Release|x64.ActiveCfg = Release|Any CPU
		{2D556CF1-17E6-4B4E-8038-38187FD2B499}.Release|x64.Build.0 = Release|Any CPU
		{2D556CF1-17E6-4B4E-8038-38187FD2B499}.Release|x86.ActiveCfg = Release|Any CPU
		{2D556CF1-17E6-4B4E-8038-38187FD2B499}.Release|x86.Build.0 = Release|Any CPU
		{8979BA43-57E3-4D98-A32C-E61E13045DC7}.Debug|Any CPU.ActiveCfg = Debug|Any CPU
		{8979BA43-57E3-4D98-A32C-E61E13045DC7}.Debug|Any CPU.Build.0 = Debug|Any CPU
		{8979BA43-57E3-4D98-A32C-E61E13045DC7}.Debug|x64.ActiveCfg = Debug|Any CPU
		{8979BA43-57E3-4D98-A32C-E61E13045DC7}.Debug|x64.Build.0 = Debug|Any CPU
		{8979BA43-57E3-4D98-A32C-E61E13045DC7}.Debug|x86.ActiveCfg = Debug|Any CPU
		{8979BA43-57E3-4D98-A32C-E61E13045DC7}.Debug|x86.Build.0 = Debug|Any CPU
		{8979BA43-57E3-4D98-A32C-E61E13045DC7}.Release|Any CPU.ActiveCfg = Release|Any CPU
		{8979BA43-57E3-4D98-A32C-E61E13045DC7}.Release|Any CPU.Build.0 = Release|Any CPU
		{8979BA43-57E3-4D98-A32C-E61E13045DC7}.Release|x64.ActiveCfg = Release|Any CPU
		{8979BA43-57E3-4D98-A32C-E61E13045DC7}.Release|x64.Build.0 = Release|Any CPU
		{8979BA43-57E3-4D98-A32C-E61E13045DC7}.Release|x86.ActiveCfg = Release|Any CPU
		{8979BA43-57E3-4D98-A32C-E61E13045DC7}.Release|x86.Build.0 = Release|Any CPU
		{213494B7-945D-40E2-A68E-F53AC7EDF9E6}.Debug|Any CPU.ActiveCfg = Debug|Any CPU
		{213494B7-945D-40E2-A68E-F53AC7EDF9E6}.Debug|Any CPU.Build.0 = Debug|Any CPU
		{213494B7-945D-40E2-A68E-F53AC7EDF9E6}.Debug|x64.ActiveCfg = Debug|Any CPU
		{213494B7-945D-40E2-A68E-F53AC7EDF9E6}.Debug|x64.Build.0 = Debug|Any CPU
		{213494B7-945D-40E2-A68E-F53AC7EDF9E6}.Debug|x86.ActiveCfg = Debug|Any CPU
		{213494B7-945D-40E2-A68E-F53AC7EDF9E6}.Debug|x86.Build.0 = Debug|Any CPU
		{213494B7-945D-40E2-A68E-F53AC7EDF9E6}.Release|Any CPU.ActiveCfg = Release|Any CPU
		{213494B7-945D-40E2-A68E-F53AC7EDF9E6}.Release|Any CPU.Build.0 = Release|Any CPU
		{213494B7-945D-40E2-A68E-F53AC7EDF9E6}.Release|x64.ActiveCfg = Release|Any CPU
		{213494B7-945D-40E2-A68E-F53AC7EDF9E6}.Release|x64.Build.0 = Release|Any CPU
		{213494B7-945D-40E2-A68E-F53AC7EDF9E6}.Release|x86.ActiveCfg = Release|Any CPU
		{213494B7-945D-40E2-A68E-F53AC7EDF9E6}.Release|x86.Build.0 = Release|Any CPU
		{225EE49E-B72A-41C0-AEF1-7B6DF798E34F}.Debug|Any CPU.ActiveCfg = Debug|Any CPU
		{225EE49E-B72A-41C0-AEF1-7B6DF798E34F}.Debug|Any CPU.Build.0 = Debug|Any CPU
		{225EE49E-B72A-41C0-AEF1-7B6DF798E34F}.Debug|x64.ActiveCfg = Debug|Any CPU
		{225EE49E-B72A-41C0-AEF1-7B6DF798E34F}.Debug|x64.Build.0 = Debug|Any CPU
		{225EE49E-B72A-41C0-AEF1-7B6DF798E34F}.Debug|x86.ActiveCfg = Debug|Any CPU
		{225EE49E-B72A-41C0-AEF1-7B6DF798E34F}.Debug|x86.Build.0 = Debug|Any CPU
		{225EE49E-B72A-41C0-AEF1-7B6DF798E34F}.Release|Any CPU.ActiveCfg = Release|Any CPU
		{225EE49E-B72A-41C0-AEF1-7B6DF798E34F}.Release|Any CPU.Build.0 = Release|Any CPU
		{225EE49E-B72A-41C0-AEF1-7B6DF798E34F}.Release|x64.ActiveCfg = Release|Any CPU
		{225EE49E-B72A-41C0-AEF1-7B6DF798E34F}.Release|x64.Build.0 = Release|Any CPU
		{225EE49E-B72A-41C0-AEF1-7B6DF798E34F}.Release|x86.ActiveCfg = Release|Any CPU
		{225EE49E-B72A-41C0-AEF1-7B6DF798E34F}.Release|x86.Build.0 = Release|Any CPU
	EndGlobalSection
	GlobalSection(SolutionProperties) = preSolution
		HideSolutionNode = FALSE
	EndGlobalSection
	GlobalSection(NestedProjects) = preSolution
		{2D556CF1-17E6-4B4E-8038-38187FD2B499} = {827E0CD3-B72D-47B6-A68D-7590B98EB39B}
		{8979BA43-57E3-4D98-A32C-E61E13045DC7} = {827E0CD3-B72D-47B6-A68D-7590B98EB39B}
		{213494B7-945D-40E2-A68E-F53AC7EDF9E6} = {827E0CD3-B72D-47B6-A68D-7590B98EB39B}
		{225EE49E-B72A-41C0-AEF1-7B6DF798E34F} = {0AB3BF05-4346-4AA6-1389-037BE0695223}
	EndGlobalSection
EndGlobal
